
Microsoft Visual Studio Solution File, Format Version 12.00
# Visual Studio Version 17
VisualStudioVersion = 17.9.34728.123
MinimumVisualStudioVersion = 10.0.40219.1
Project("{FAE04EC0-301F-11D3-BF4B-00C04F79EFBC}") = "Pratik5LinqGroupJoin", "Pratik5LinqGroupJoin.csproj", "{612FFE97-01C4-44BE-80A2-5DE9A5E8D002}"
EndProject
Global
	GlobalSection(SolutionConfigurationPlatforms) = preSolution
		Debug|Any CPU = Debug|Any CPU
		Release|Any CPU = Release|Any CPU
	EndGlobalSection
	GlobalSection(ProjectConfigurationPlatforms) = postSolution
		{612FFE97-01C4-44BE-80A2-5DE9A5E8D002}.Debug|Any CPU.ActiveCfg = Debug|Any CPU
		{612FFE97-01C4-44BE-80A2-5DE9A5E8D002}.Debug|Any CPU.Build.0 = Debug|Any CPU
		{612FFE97-01C4-44BE-80A2-5DE9A5E8D002}.Release|Any CPU.ActiveCfg = Release|Any CPU
		{612FFE97-01C4-44BE-80A2-5DE9A5E8D002}.Release|Any CPU.Build.0 = Release|Any CPU
	EndGlobalSection
	GlobalSection(SolutionProperties) = preSolution
		HideSolutionNode = FALSE
	EndGlobalSection
	GlobalSection(ExtensibilityGlobals) = postSolution
		SolutionGuid = {CEAF1138-D899-4B12-BAB2-6270230FA9EA}
	EndGlobalSection
EndGlobal
