
Microsoft Visual Studio Solution File, Format Version 12.00
# Visual Studio Version 17
VisualStudioVersion = 17.9.34728.123
MinimumVisualStudioVersion = 10.0.40219.1
Project("{FAE04EC0-301F-11D3-BF4B-00C04F79EFBC}") = "Pratik2WhileSamples", "Pratik2WhileSamples.csproj", "{A40363D6-7201-49E9-B1DC-10C3A04592F3}"
EndProject
Global
	GlobalSection(SolutionConfigurationPlatforms) = preSolution
		Debug|Any CPU = Debug|Any CPU
		Release|Any CPU = Release|Any CPU
	EndGlobalSection
	GlobalSection(ProjectConfigurationPlatforms) = postSolution
		{A40363D6-7201-49E9-B1DC-10C3A04592F3}.Debug|Any CPU.ActiveCfg = Debug|Any CPU
		{A40363D6-7201-49E9-B1DC-10C3A04592F3}.Debug|Any CPU.Build.0 = Debug|Any CPU
		{A40363D6-7201-49E9-B1DC-10C3A04592F3}.Release|Any CPU.ActiveCfg = Release|Any CPU
		{A40363D6-7201-49E9-B1DC-10C3A04592F3}.Release|Any CPU.Build.0 = Release|Any CPU
	EndGlobalSection
	GlobalSection(SolutionProperties) = preSolution
		HideSolutionNode = FALSE
	EndGlobalSection
	GlobalSection(ExtensibilityGlobals) = postSolution
		SolutionGuid = {6924C0C5-890E-4B62-A234-9B4A86F8A3A2}
	EndGlobalSection
EndGlobal
