
Microsoft Visual Studio Solution File, Format Version 12.00
# Visual Studio Version 17
VisualStudioVersion = 17.9.34728.123
MinimumVisualStudioVersion = 10.0.40219.1
Project("{FAE04EC0-301F-11D3-BF4B-00C04F79EFBC}") = "Pratik1Linq", "Pratik1Linq.csproj", "{B54E4377-70DD-413D-A5EE-1DC12A9CE6EE}"
EndProject
Global
	GlobalSection(SolutionConfigurationPlatforms) = preSolution
		Debug|Any CPU = Debug|Any CPU
		Release|Any CPU = Release|Any CPU
	EndGlobalSection
	GlobalSection(ProjectConfigurationPlatforms) = postSolution
		{B54E4377-70DD-413D-A5EE-1DC12A9CE6EE}.Debug|Any CPU.ActiveCfg = Debug|Any CPU
		{B54E4377-70DD-413D-A5EE-1DC12A9CE6EE}.Debug|Any CPU.Build.0 = Debug|Any CPU
		{B54E4377-70DD-413D-A5EE-1DC12A9CE6EE}.Release|Any CPU.ActiveCfg = Release|Any CPU
		{B54E4377-70DD-413D-A5EE-1DC12A9CE6EE}.Release|Any CPU.Build.0 = Release|Any CPU
	EndGlobalSection
	GlobalSection(SolutionProperties) = preSolution
		HideSolutionNode = FALSE
	EndGlobalSection
	GlobalSection(ExtensibilityGlobals) = postSolution
		SolutionGuid = {7895B6C8-3763-455B-A296-1C057A5DD648}
	EndGlobalSection
EndGlobal
