
Microsoft Visual Studio Solution File, Format Version 12.00
# Visual Studio Version 17
VisualStudioVersion = 17.9.34728.123
MinimumVisualStudioVersion = 10.0.40219.1
Project("{FAE04EC0-301F-11D3-BF4B-00C04F79EFBC}") = "Pratik3Patika Kütüphane", "Pratik3Patika Kütüphane.csproj", "{0DFA36FA-306F-4042-928A-76DD2BD89F77}"
EndProject
Global
	GlobalSection(SolutionConfigurationPlatforms) = preSolution
		Debug|Any CPU = Debug|Any CPU
		Release|Any CPU = Release|Any CPU
	EndGlobalSection
	GlobalSection(ProjectConfigurationPlatforms) = postSolution
		{0DFA36FA-306F-4042-928A-76DD2BD89F77}.Debug|Any CPU.ActiveCfg = Debug|Any CPU
		{0DFA36FA-306F-4042-928A-76DD2BD89F77}.Debug|Any CPU.Build.0 = Debug|Any CPU
		{0DFA36FA-306F-4042-928A-76DD2BD89F77}.Release|Any CPU.ActiveCfg = Release|Any CPU
		{0DFA36FA-306F-4042-928A-76DD2BD89F77}.Release|Any CPU.Build.0 = Release|Any CPU
	EndGlobalSection
	GlobalSection(SolutionProperties) = preSolution
		HideSolutionNode = FALSE
	EndGlobalSection
	GlobalSection(ExtensibilityGlobals) = postSolution
		SolutionGuid = {7257224C-FBAE-4F40-8508-E208BECAFCAD}
	EndGlobalSection
EndGlobal
