
Microsoft Visual Studio Solution File, Format Version 12.00
# Visual Studio Version 17
VisualStudioVersion = 17.9.34728.123
MinimumVisualStudioVersion = 10.0.40219.1
Project("{9A19103F-16F7-4668-BE54-9A1E7A4F7556}") = "Pratik2", "Pratik2.csproj", "{9ACE04DB-DA0F-4F87-AC25-9EF32940848E}"
EndProject
Global
	GlobalSection(SolutionConfigurationPlatforms) = preSolution
		Debug|Any CPU = Debug|Any CPU
		Release|Any CPU = Release|Any CPU
	EndGlobalSection
	GlobalSection(ProjectConfigurationPlatforms) = postSolution
		{9ACE04DB-DA0F-4F87-AC25-9EF32940848E}.Debug|Any CPU.ActiveCfg = Debug|Any CPU
		{9ACE04DB-DA0F-4F87-AC25-9EF32940848E}.Debug|Any CPU.Build.0 = Debug|Any CPU
		{9ACE04DB-DA0F-4F87-AC25-9EF32940848E}.Release|Any CPU.ActiveCfg = Release|Any CPU
		{9ACE04DB-DA0F-4F87-AC25-9EF32940848E}.Release|Any CPU.Build.0 = Release|Any CPU
	EndGlobalSection
	GlobalSection(SolutionProperties) = preSolution
		HideSolutionNode = FALSE
	EndGlobalSection
	GlobalSection(ExtensibilityGlobals) = postSolution
		SolutionGuid = {E5EC9A82-1B1E-4A1C-A694-F348A4C9EDEC}
	EndGlobalSection
EndGlobal
