
Microsoft Visual Studio Solution File, Format Version 12.00
# Visual Studio Version 17
VisualStudioVersion = 17.9.34728.123
MinimumVisualStudioVersion = 10.0.40219.1
Project("{FAE04EC0-301F-11D3-BF4B-00C04F79EFBC}") = "Pratik2Lists1", "Pratik2Lists1.csproj", "{11FF510A-0784-4A2E-B3BE-36B7FA5FCA91}"
EndProject
Global
	GlobalSection(SolutionConfigurationPlatforms) = preSolution
		Debug|Any CPU = Debug|Any CPU
		Release|Any CPU = Release|Any CPU
	EndGlobalSection
	GlobalSection(ProjectConfigurationPlatforms) = postSolution
		{11FF510A-0784-4A2E-B3BE-36B7FA5FCA91}.Debug|Any CPU.ActiveCfg = Debug|Any CPU
		{11FF510A-0784-4A2E-B3BE-36B7FA5FCA91}.Debug|Any CPU.Build.0 = Debug|Any CPU
		{11FF510A-0784-4A2E-B3BE-36B7FA5FCA91}.Release|Any CPU.ActiveCfg = Release|Any CPU
		{11FF510A-0784-4A2E-B3BE-36B7FA5FCA91}.Release|Any CPU.Build.0 = Release|Any CPU
	EndGlobalSection
	GlobalSection(SolutionProperties) = preSolution
		HideSolutionNode = FALSE
	EndGlobalSection
	GlobalSection(ExtensibilityGlobals) = postSolution
		SolutionGuid = {788669D9-ACDA-42F3-8FFE-B05965633631}
	EndGlobalSection
EndGlobal
