
Microsoft Visual Studio Solution File, Format Version 12.00
# Visual Studio Version 17
VisualStudioVersion = 17.9.34728.123
MinimumVisualStudioVersion = 10.0.40219.1
Project("{FAE04EC0-301F-11D3-BF4B-00C04F79EFBC}") = "Pratik3DowhileDoDiffrence", "Pratik3DowhileDoDiffrence.csproj", "{71F63654-4928-41CC-9AD2-61956FBE5FB6}"
EndProject
Global
	GlobalSection(SolutionConfigurationPlatforms) = preSolution
		Debug|Any CPU = Debug|Any CPU
		Release|Any CPU = Release|Any CPU
	EndGlobalSection
	GlobalSection(ProjectConfigurationPlatforms) = postSolution
		{71F63654-4928-41CC-9AD2-61956FBE5FB6}.Debug|Any CPU.ActiveCfg = Debug|Any CPU
		{71F63654-4928-41CC-9AD2-61956FBE5FB6}.Debug|Any CPU.Build.0 = Debug|Any CPU
		{71F63654-4928-41CC-9AD2-61956FBE5FB6}.Release|Any CPU.ActiveCfg = Release|Any CPU
		{71F63654-4928-41CC-9AD2-61956FBE5FB6}.Release|Any CPU.Build.0 = Release|Any CPU
	EndGlobalSection
	GlobalSection(SolutionProperties) = preSolution
		HideSolutionNode = FALSE
	EndGlobalSection
	GlobalSection(ExtensibilityGlobals) = postSolution
		SolutionGuid = {684369FB-BA94-4075-B7A7-16149CEBDAC9}
	EndGlobalSection
EndGlobal
