
Microsoft Visual Studio Solution File, Format Version 12.00
# Visual Studio Version 17
VisualStudioVersion = 17.9.34728.123
MinimumVisualStudioVersion = 10.0.40219.1
Project("{FAE04EC0-301F-11D3-BF4B-00C04F79EFBC}") = "Pratik6Polymorphism", "Pratik6Polymorphism.csproj", "{9A68A864-5D55-45E5-ACFA-C206E05D706E}"
EndProject
Global
	GlobalSection(SolutionConfigurationPlatforms) = preSolution
		Debug|Any CPU = Debug|Any CPU
		Release|Any CPU = Release|Any CPU
	EndGlobalSection
	GlobalSection(ProjectConfigurationPlatforms) = postSolution
		{9A68A864-5D55-45E5-ACFA-C206E05D706E}.Debug|Any CPU.ActiveCfg = Debug|Any CPU
		{9A68A864-5D55-45E5-ACFA-C206E05D706E}.Debug|Any CPU.Build.0 = Debug|Any CPU
		{9A68A864-5D55-45E5-ACFA-C206E05D706E}.Release|Any CPU.ActiveCfg = Release|Any CPU
		{9A68A864-5D55-45E5-ACFA-C206E05D706E}.Release|Any CPU.Build.0 = Release|Any CPU
	EndGlobalSection
	GlobalSection(SolutionProperties) = preSolution
		HideSolutionNode = FALSE
	EndGlobalSection
	GlobalSection(ExtensibilityGlobals) = postSolution
		SolutionGuid = {8C94167A-D45B-41D5-8C07-E7CD064FC98E}
	EndGlobalSection
EndGlobal
